
Microsoft Visual Studio Solution File, Format Version 12.00
# Visual Studio Version 17
VisualStudioVersion = 17.8.34330.188
MinimumVisualStudioVersion = 10.0.40219.1
Project("{9A19103F-16F7-4668-BE54-9A1E7A4F7556}") = "Domain", "Domain\Domain.csproj", "{4FC9372C-6600-4905-AE29-9C28D006E153}"
EndProject
Project("{9A19103F-16F7-4668-BE54-9A1E7A4F7556}") = "Application", "Application\Application.csproj", "{91E4A479-8417-4C33-A162-3B46D6B39224}"
EndProject
Project("{9A19103F-16F7-4668-BE54-9A1E7A4F7556}") = "InterfaceAdapters", "InterfaceAdapters\InterfaceAdapters.csproj", "{696D072C-6F15-4BC5-97E1-7178B9244F24}"
EndProject
Project("{9A19103F-16F7-4668-BE54-9A1E7A4F7556}") = "CleanArchitecture", "CleanArchitecture\CleanArchitecture.csproj", "{BA22F611-FE7D-4425-8234-10CE3237E55C}"
EndProject
Project("{FAE04EC0-301F-11D3-BF4B-00C04F79EFBC}") = "API", "API\API.csproj", "{5F7004BA-6177-43C4-967C-4F90417CAD46}"
EndProject
Global
	GlobalSection(SolutionConfigurationPlatforms) = preSolution
		Debug|Any CPU = Debug|Any CPU
		Release|Any CPU = Release|Any CPU
	EndGlobalSection
	GlobalSection(ProjectConfigurationPlatforms) = postSolution
		{4FC9372C-6600-4905-AE29-9C28D006E153}.Debug|Any CPU.ActiveCfg = Debug|Any CPU
		{4FC9372C-6600-4905-AE29-9C28D006E153}.Debug|Any CPU.Build.0 = Debug|Any CPU
		{4FC9372C-6600-4905-AE29-9C28D006E153}.Release|Any CPU.ActiveCfg = Release|Any CPU
		{4FC9372C-6600-4905-AE29-9C28D006E153}.Release|Any CPU.Build.0 = Release|Any CPU
		{91E4A479-8417-4C33-A162-3B46D6B39224}.Debug|Any CPU.ActiveCfg = Debug|Any CPU
		{91E4A479-8417-4C33-A162-3B46D6B39224}.Debug|Any CPU.Build.0 = Debug|Any CPU
		{91E4A479-8417-4C33-A162-3B46D6B39224}.Release|Any CPU.ActiveCfg = Release|Any CPU
		{91E4A479-8417-4C33-A162-3B46D6B39224}.Release|Any CPU.Build.0 = Release|Any CPU
		{696D072C-6F15-4BC5-97E1-7178B9244F24}.Debug|Any CPU.ActiveCfg = Debug|Any CPU
		{696D072C-6F15-4BC5-97E1-7178B9244F24}.Debug|Any CPU.Build.0 = Debug|Any CPU
		{696D072C-6F15-4BC5-97E1-7178B9244F24}.Release|Any CPU.ActiveCfg = Release|Any CPU
		{696D072C-6F15-4BC5-97E1-7178B9244F24}.Release|Any CPU.Build.0 = Release|Any CPU
		{BA22F611-FE7D-4425-8234-10CE3237E55C}.Debug|Any CPU.ActiveCfg = Debug|Any CPU
		{BA22F611-FE7D-4425-8234-10CE3237E55C}.Debug|Any CPU.Build.0 = Debug|Any CPU
		{BA22F611-FE7D-4425-8234-10CE3237E55C}.Release|Any CPU.ActiveCfg = Release|Any CPU
		{BA22F611-FE7D-4425-8234-10CE3237E55C}.Release|Any CPU.Build.0 = Release|Any CPU
		{5F7004BA-6177-43C4-967C-4F90417CAD46}.Debug|Any CPU.ActiveCfg = Debug|Any CPU
		{5F7004BA-6177-43C4-967C-4F90417CAD46}.Debug|Any CPU.Build.0 = Debug|Any CPU
		{5F7004BA-6177-43C4-967C-4F90417CAD46}.Release|Any CPU.ActiveCfg = Release|Any CPU
		{5F7004BA-6177-43C4-967C-4F90417CAD46}.Release|Any CPU.Build.0 = Release|Any CPU
	EndGlobalSection
	GlobalSection(SolutionProperties) = preSolution
		HideSolutionNode = FALSE
	EndGlobalSection
	GlobalSection(ExtensibilityGlobals) = postSolution
		SolutionGuid = {CF5698B5-A5C7-402A-95E4-1EF24D72D471}
	EndGlobalSection
EndGlobal
